{
    "_meta": {
        "hash": {
            "sha256": "4665e5d15149bfffbe79203b3199ac0231476af2854d30a7e0ef591bac9e2fcf"
        },
        "pipfile-spec": 6,
        "requires": {
            "python_version": "3.9"
        },
        "sources": [
            {
                "name": "pypi",
                "url": "https://pypi.org/simple",
                "verify_ssl": true
            }
        ]
    },
    "default": {
        "alembic": {
            "hashes": [
                "sha256:a9781ed0979a20341c2cbb56bd22bd8db4fc1913f955e705444bd3a97c59fa32",
                "sha256:f9f76e41061f5ebe27d4fe92600df9dd612521a7683f904dab328ba02cffa5a2"
            ],
            "index": "pypi",
            "version": "==1.9.1"
        },
        "click": {
            "hashes": [
                "sha256:7682dc8afb30297001674575ea00d1814d808d6a36af415a82bd481d37ba7b8e",
                "sha256:bb4d8133cb15a609f44e8213d9b391b0809795062913b383c62be0ee95b1db48"
            ],
            "markers": "python_version >= '3.7'",
            "version": "==8.1.3"
        },
        "flask": {
            "hashes": [
                "sha256:642c450d19c4ad482f96729bd2a8f6d32554aa1e231f4f6b4e7e5264b16cca2b",
                "sha256:b9c46cc36662a7949f34b52d8ec7bb59c0d74ba08ba6cb9ce9adc1d8676d9526"
            ],
            "index": "pypi",
            "version": "==2.2.2"
        },
        "flask-cors": {
            "hashes": [
                "sha256:72170423eb4612f0847318afff8c247b38bd516b7737adfc10d1c2cdbb382d16",
                "sha256:f4d97201660e6bbcff2d89d082b5b6d31abee04b1b3003ee073a6fd25ad1d69a"
            ],
            "index": "pypi",
            "version": "==3.0.8"
        },
        "flask-login": {
            "hashes": [
                "sha256:6d33aef15b5bcead780acc339464aae8a6e28f13c90d8b1cf9de8b549d1c0b4b",
                "sha256:7451b5001e17837ba58945aead261ba425fdf7b4f0448777e597ddab39f4fba0"
            ],
            "index": "pypi",
            "version": "==0.5.0"
        },
        "flask-migrate": {
            "hashes": [
                "sha256:eaf85579b273874b25944016745ff84c7dc712297c42b7b71f4dc6cae8a2934d",
                "sha256:f62b51f9cd2c4f444deac111726a2335d0b846dcf51909a97e261d2098b816f7"
            ],
            "index": "pypi",
            "version": "==4.0.1"
        },
        "flask-sqlalchemy": {
            "hashes": [
                "sha256:16199f5b3ddfb69e0df2f52ae4c76aedbfec823462349dabb21a1b2e0a2b65e9",
                "sha256:7d0cd9cf73e64a996bb881a1ebd01633fc5a6d11c36ea27f7b5e251dc45476e7"
            ],
            "index": "pypi",
            "version": "==3.0.2"
        },
        "flask-wtf": {
            "hashes": [
                "sha256:34fe5c6fee0f69b50e30f81a3b7ea16aa1492a771fe9ad0974d164610c09a6c9",
                "sha256:9d733658c80be551ce7d5bc13c7a7ac0d80df509be1e23827c847d9520f4359a"
            ],
            "index": "pypi",
            "version": "==1.0.1"
        },
        "gunicorn": {
            "hashes": [
                "sha256:9dcc4547dbb1cb284accfb15ab5667a0e5d1881cc443e0677b4882a4067a807e",
                "sha256:e0a968b5ba15f8a328fdfd7ab1fcb5af4470c28aaf7e55df02a99bc13138e6e8"
            ],
            "index": "pypi",
            "version": "==20.1.0"
        },
        "importlib-metadata": {
            "hashes": [
                "sha256:7efb448ec9a5e313a57655d35aa54cd3e01b7e1fbcf72dce1bf06119420f5bad",
                "sha256:e354bedeb60efa6affdcc8ae121b73544a7aa74156d047311948f6d711cd378d"
            ],
            "markers": "python_version < '3.10'",
            "version": "==6.0.0"
        },
        "itsdangerous": {
            "hashes": [
                "sha256:2c2349112351b88699d8d4b6b075022c0808887cb7ad10069318a8b0bc88db44",
                "sha256:5dbbc68b317e5e42f327f9021763545dc3fc3bfe22e6deb96aaf1fc38874156a"
            ],
            "markers": "python_version >= '3.7'",
            "version": "==2.1.2"
        },
        "jinja2": {
            "hashes": [
                "sha256:31351a702a408a9e7595a8fc6150fc3f43bb6bf7e319770cbc0db9df9437e852",
                "sha256:6088930bfe239f0e6710546ab9c19c9ef35e29792895fed6e6e31a023a182a61"
            ],
            "markers": "python_version >= '3.7'",
            "version": "==3.1.2"
        },
        "mako": {
            "hashes": [
                "sha256:c97c79c018b9165ac9922ae4f32da095ffd3c4e6872b45eded42926deea46818",
                "sha256:d60a3903dc3bb01a18ad6a89cdbe2e4eadc69c0bc8ef1e3773ba53d44c3f7a34"
            ],
            "markers": "python_version >= '3.7'",
            "version": "==1.2.4"
        },
        "markupsafe": {
            "hashes": [
                "sha256:0212a68688482dc52b2d45013df70d169f542b7394fc744c02a57374a4207003",
                "sha256:089cf3dbf0cd6c100f02945abeb18484bd1ee57a079aefd52cffd17fba910b88",
                "sha256:10c1bfff05d95783da83491be968e8fe789263689c02724e0c691933c52994f5",
                "sha256:33b74d289bd2f5e527beadcaa3f401e0df0a89927c1559c8566c066fa4248ab7",
                "sha256:3799351e2336dc91ea70b034983ee71cf2f9533cdff7c14c90ea126bfd95d65a",
                "sha256:3ce11ee3f23f79dbd06fb3d63e2f6af7b12db1d46932fe7bd8afa259a5996603",
                "sha256:421be9fbf0ffe9ffd7a378aafebbf6f4602d564d34be190fc19a193232fd12b1",
                "sha256:43093fb83d8343aac0b1baa75516da6092f58f41200907ef92448ecab8825135",
                "sha256:46d00d6cfecdde84d40e572d63735ef81423ad31184100411e6e3388d405e247",
                "sha256:4a33dea2b688b3190ee12bd7cfa29d39c9ed176bda40bfa11099a3ce5d3a7ac6",
                "sha256:4b9fe39a2ccc108a4accc2676e77da025ce383c108593d65cc909add5c3bd601",
                "sha256:56442863ed2b06d19c37f94d999035e15ee982988920e12a5b4ba29b62ad1f77",
                "sha256:671cd1187ed5e62818414afe79ed29da836dde67166a9fac6d435873c44fdd02",
                "sha256:694deca8d702d5db21ec83983ce0bb4b26a578e71fbdbd4fdcd387daa90e4d5e",
                "sha256:6a074d34ee7a5ce3effbc526b7083ec9731bb3cbf921bbe1d3005d4d2bdb3a63",
                "sha256:6d0072fea50feec76a4c418096652f2c3238eaa014b2f94aeb1d56a66b41403f",
                "sha256:6fbf47b5d3728c6aea2abb0589b5d30459e369baa772e0f37a0320185e87c980",
                "sha256:7f91197cc9e48f989d12e4e6fbc46495c446636dfc81b9ccf50bb0ec74b91d4b",
                "sha256:86b1f75c4e7c2ac2ccdaec2b9022845dbb81880ca318bb7a0a01fbf7813e3812",
                "sha256:8dc1c72a69aa7e082593c4a203dcf94ddb74bb5c8a731e4e1eb68d031e8498ff",
                "sha256:8e3dcf21f367459434c18e71b2a9532d96547aef8a871872a5bd69a715c15f96",
                "sha256:8e576a51ad59e4bfaac456023a78f6b5e6e7651dcd383bcc3e18d06f9b55d6d1",
                "sha256:96e37a3dc86e80bf81758c152fe66dbf60ed5eca3d26305edf01892257049925",
                "sha256:97a68e6ada378df82bc9f16b800ab77cbf4b2fada0081794318520138c088e4a",
                "sha256:99a2a507ed3ac881b975a2976d59f38c19386d128e7a9a18b7df6fff1fd4c1d6",
                "sha256:a49907dd8420c5685cfa064a1335b6754b74541bbb3706c259c02ed65b644b3e",
                "sha256:b09bf97215625a311f669476f44b8b318b075847b49316d3e28c08e41a7a573f",
                "sha256:b7bd98b796e2b6553da7225aeb61f447f80a1ca64f41d83612e6139ca5213aa4",
                "sha256:b87db4360013327109564f0e591bd2a3b318547bcef31b468a92ee504d07ae4f",
                "sha256:bcb3ed405ed3222f9904899563d6fc492ff75cce56cba05e32eff40e6acbeaa3",
                "sha256:d4306c36ca495956b6d568d276ac11fdd9c30a36f1b6eb928070dc5360b22e1c",
                "sha256:d5ee4f386140395a2c818d149221149c54849dfcfcb9f1debfe07a8b8bd63f9a",
                "sha256:dda30ba7e87fbbb7eab1ec9f58678558fd9a6b8b853530e176eabd064da81417",
                "sha256:e04e26803c9c3851c931eac40c695602c6295b8d432cbe78609649ad9bd2da8a",
                "sha256:e1c0b87e09fa55a220f058d1d49d3fb8df88fbfab58558f1198e08c1e1de842a",
                "sha256:e72591e9ecd94d7feb70c1cbd7be7b3ebea3f548870aa91e2732960fa4d57a37",
                "sha256:e8c843bbcda3a2f1e3c2ab25913c80a3c5376cd00c6e8c4a86a89a28c8dc5452",
                "sha256:efc1913fd2ca4f334418481c7e595c00aad186563bbc1ec76067848c7ca0a933",
                "sha256:f121a1420d4e173a5d96e47e9a0c0dcff965afdf1626d28de1460815f7c4ee7a",
                "sha256:fc7b548b17d238737688817ab67deebb30e8073c95749d55538ed473130ec0c7"
            ],
            "markers": "python_version >= '3.7'",
            "version": "==2.1.1"
        },
        "python-dotenv": {
            "hashes": [
                "sha256:1684eb44636dd462b66c3ee016599815514527ad99965de77f43e0944634a7e5",
                "sha256:b77d08274639e3d34145dfa6c7008e66df0f04b7be7a75fd0d5292c191d79045"
            ],
            "index": "pypi",
            "version": "==0.21.0"
        },
        "setuptools": {
            "hashes": [
                "sha256:4d3c92fac8f1118bb77a22181355e29c239cabfe2b9effdaa665c66b711136d7",
                "sha256:8ab4f1dbf2b4a65f7eec5ad0c620e84c34111a68d3349833494b9088212214dd"
            ],
            "markers": "python_version >= '3.7'",
            "version": "==65.7.0"
        },
        "six": {
            "hashes": [
                "sha256:1e61c37477a1626458e36f7b1d82aa5c9b094fa4802892072e49de9c60c4c926",
                "sha256:8abb2f1d86890a2dfb989f9a77cfcfd3e47c2a354b01111771326f8aa26e0254"
            ],
            "markers": "python_version >= '2.7' and python_version not in '3.0, 3.1, 3.2'",
            "version": "==1.16.0"
        },
        "sqlalchemy": {
            "hashes": [
                "sha256:07e48cbcdda6b8bc7a59d6728bd3f5f574ffe03f2c9fb384239f3789c2d95c2e",
                "sha256:18cafdb27834fa03569d29f571df7115812a0e59fd6a3a03ccb0d33678ec8420",
                "sha256:1b1e5e96e2789d89f023d080bee432e2fef64d95857969e70d3cadec80bd26f0",
                "sha256:315676344e3558f1f80d02535f410e80ea4e8fddba31ec78fe390eff5fb8f466",
                "sha256:31de1e2c45e67a5ec1ecca6ec26aefc299dd5151e355eb5199cd9516b57340be",
                "sha256:3d94682732d1a0def5672471ba42a29ff5e21bb0aae0afa00bb10796fc1e28dd",
                "sha256:3ec187acf85984263299a3f15c34a6c0671f83565d86d10f43ace49881a82718",
                "sha256:4847f4b1d822754e35707db913396a29d874ee77b9c3c3ef3f04d5a9a6209618",
                "sha256:4d112b0f3c1bc5ff70554a97344625ef621c1bfe02a73c5d97cac91f8cd7a41e",
                "sha256:51e1ba2884c6a2b8e19109dc08c71c49530006c1084156ecadfaadf5f9b8b053",
                "sha256:535377e9b10aff5a045e3d9ada8a62d02058b422c0504ebdcf07930599890eb0",
                "sha256:5dbf17ac9a61e7a3f1c7ca47237aac93cabd7f08ad92ac5b96d6f8dea4287fc1",
                "sha256:5f752676fc126edc1c4af0ec2e4d2adca48ddfae5de46bb40adbd3f903eb2120",
                "sha256:64cb0ad8a190bc22d2112001cfecdec45baffdf41871de777239da6a28ed74b6",
                "sha256:6913b8247d8a292ef8315162a51931e2b40ce91681f1b6f18f697045200c4a30",
                "sha256:69fac0a7054d86b997af12dc23f581cf0b25fb1c7d1fed43257dee3af32d3d6d",
                "sha256:7001f16a9a8e06488c3c7154827c48455d1c1507d7228d43e781afbc8ceccf6d",
                "sha256:7b81b1030c42b003fc10ddd17825571603117f848814a344d305262d370e7c34",
                "sha256:7f8267682eb41a0584cf66d8a697fef64b53281d01c93a503e1344197f2e01fe",
                "sha256:887865924c3d6e9a473dc82b70977395301533b3030d0f020c38fd9eba5419f2",
                "sha256:9167d4227b56591a4cc5524f1b79ccd7ea994f36e4c648ab42ca995d28ebbb96",
                "sha256:939f9a018d2ad04036746e15d119c0428b1e557470361aa798e6e7d7f5875be0",
                "sha256:955162ad1a931fe416eded6bb144ba891ccbf9b2e49dc7ded39274dd9c5affc5",
                "sha256:984ee13543a346324319a1fb72b698e521506f6f22dc37d7752a329e9cd00a32",
                "sha256:9883f5fae4fd8e3f875adc2add69f8b945625811689a6c65866a35ee9c0aea23",
                "sha256:a1ad90c97029cc3ab4ffd57443a20fac21d2ec3c89532b084b073b3feb5abff3",
                "sha256:a3714e5b33226131ac0da60d18995a102a17dddd42368b7bdd206737297823ad",
                "sha256:ae067ab639fa499f67ded52f5bc8e084f045d10b5ac7bb928ae4ca2b6c0429a5",
                "sha256:b33ffbdbbf5446cf36cd4cc530c9d9905d3c2fe56ed09e25c22c850cdb9fac92",
                "sha256:b6e4cb5c63f705c9d546a054c60d326cbde7421421e2d2565ce3e2eee4e1a01f",
                "sha256:b7f4b6aa6e87991ec7ce0e769689a977776db6704947e562102431474799a857",
                "sha256:c04144a24103135ea0315d459431ac196fe96f55d3213bfd6d39d0247775c854",
                "sha256:c522e496f9b9b70296a7675272ec21937ccfc15da664b74b9f58d98a641ce1b6",
                "sha256:c5a99282848b6cae0056b85da17392a26b2d39178394fc25700bcf967e06e97a",
                "sha256:c7a46639ba058d320c9f53a81db38119a74b8a7a1884df44d09fbe807d028aaf",
                "sha256:d4b1cc7835b39835c75cf7c20c926b42e97d074147c902a9ebb7cf2c840dc4e2",
                "sha256:d4d164df3d83d204c69f840da30b292ac7dc54285096c6171245b8d7807185aa",
                "sha256:d61e9ecc849d8d44d7f80894ecff4abe347136e9d926560b818f6243409f3c86",
                "sha256:d68e1762997bfebf9e5cf2a9fd0bcf9ca2fdd8136ce7b24bbd3bbfa4328f3e4a",
                "sha256:e3c1808008124850115a3f7e793a975cfa5c8a26ceeeb9ff9cbb4485cac556df",
                "sha256:f8cb80fe8d14307e4124f6fad64dfd87ab749c9d275f82b8b4ec84c84ecebdbe"
            ],
            "index": "pypi",
            "version": "==1.4.46"
        },
        "werkzeug": {
            "hashes": [
                "sha256:7ea2d48322cc7c0f8b3a215ed73eabd7b5d75d0b50e31ab006286ccff9e00b8f",
                "sha256:f979ab81f58d7318e064e99c4506445d60135ac5cd2e177a2de0089bfd4c9bd5"
            ],
            "index": "pypi",
            "version": "==2.2.2"
        },
        "wtforms": {
            "hashes": [
                "sha256:6b351bbb12dd58af57ffef05bc78425d08d1914e0fd68ee14143b7ade023c5bc",
                "sha256:837f2f0e0ca79481b92884962b914eba4e72b7a2daaf1f939c890ed0124b834b"
            ],
            "index": "pypi",
            "version": "==3.0.1"
        },
        "zipp": {
            "hashes": [
                "sha256:83a28fcb75844b5c0cdaf5aa4003c2d728c77e05f5aeabe8e95e56727005fbaa",
                "sha256:a7a22e05929290a67401440b39690ae6563279bced5f314609d9d03798f56766"
            ],
            "markers": "python_version >= '3.7'",
            "version": "==3.11.0"
        }
    },
    "develop": {}
}
